
Microsoft Visual Studio Solution File, Format Version 12.00
# Visual Studio Version 17
VisualStudioVersion = 17.8.34525.116
MinimumVisualStudioVersion = 10.0.40219.1
Project("{8BC9CEB8-8B4A-11D0-8D11-00A0C91BC942}") = "test", "test.vcxproj", "{48D206F3-05A2-4916-9D22-A8B326B72A4C}"
EndProject
Project("{FAE04EC0-301F-11D3-BF4B-00C04F79EFBC}") = "tesdllcsharp", "..\tesdllcsharp\tesdllcsharp.csproj", "{CA4DEEE8-684D-48C3-8FB9-1A16E4A6CA95}"
EndProject
Global
	GlobalSection(SolutionConfigurationPlatforms) = preSolution
		Debug|Any CPU = Debug|Any CPU
		Debug|x64 = Debug|x64
		Debug|x86 = Debug|x86
		MinSizeRel|Any CPU = MinSizeRel|Any CPU
		MinSizeRel|x64 = MinSizeRel|x64
		MinSizeRel|x86 = MinSizeRel|x86
		myrel|Any CPU = myrel|Any CPU
		myrel|x64 = myrel|x64
		myrel|x86 = myrel|x86
		Release|Any CPU = Release|Any CPU
		Release|x64 = Release|x64
		Release|x86 = Release|x86
		RelWithDebInfo|Any CPU = RelWithDebInfo|Any CPU
		RelWithDebInfo|x64 = RelWithDebInfo|x64
		RelWithDebInfo|x86 = RelWithDebInfo|x86
	EndGlobalSection
	GlobalSection(ProjectConfigurationPlatforms) = postSolution
		{48D206F3-05A2-4916-9D22-A8B326B72A4C}.Debug|Any CPU.ActiveCfg = Debug|x64
		{48D206F3-05A2-4916-9D22-A8B326B72A4C}.Debug|Any CPU.Build.0 = Debug|x64
		{48D206F3-05A2-4916-9D22-A8B326B72A4C}.Debug|x64.ActiveCfg = Debug|x64
		{48D206F3-05A2-4916-9D22-A8B326B72A4C}.Debug|x64.Build.0 = Debug|x64
		{48D206F3-05A2-4916-9D22-A8B326B72A4C}.Debug|x86.ActiveCfg = Debug|Win32
		{48D206F3-05A2-4916-9D22-A8B326B72A4C}.Debug|x86.Build.0 = Debug|Win32
		{48D206F3-05A2-4916-9D22-A8B326B72A4C}.MinSizeRel|Any CPU.ActiveCfg = myrel|x64
		{48D206F3-05A2-4916-9D22-A8B326B72A4C}.MinSizeRel|Any CPU.Build.0 = myrel|x64
		{48D206F3-05A2-4916-9D22-A8B326B72A4C}.MinSizeRel|x64.ActiveCfg = Debug|x64
		{48D206F3-05A2-4916-9D22-A8B326B72A4C}.MinSizeRel|x64.Build.0 = Debug|x64
		{48D206F3-05A2-4916-9D22-A8B326B72A4C}.MinSizeRel|x86.ActiveCfg = Debug|Win32
		{48D206F3-05A2-4916-9D22-A8B326B72A4C}.MinSizeRel|x86.Build.0 = Debug|Win32
		{48D206F3-05A2-4916-9D22-A8B326B72A4C}.myrel|Any CPU.ActiveCfg = myrel|x64
		{48D206F3-05A2-4916-9D22-A8B326B72A4C}.myrel|Any CPU.Build.0 = myrel|x64
		{48D206F3-05A2-4916-9D22-A8B326B72A4C}.myrel|x64.ActiveCfg = myrel|x64
		{48D206F3-05A2-4916-9D22-A8B326B72A4C}.myrel|x64.Build.0 = myrel|x64
		{48D206F3-05A2-4916-9D22-A8B326B72A4C}.myrel|x86.ActiveCfg = myrel|Win32
		{48D206F3-05A2-4916-9D22-A8B326B72A4C}.myrel|x86.Build.0 = myrel|Win32
		{48D206F3-05A2-4916-9D22-A8B326B72A4C}.Release|Any CPU.ActiveCfg = Release|x64
		{48D206F3-05A2-4916-9D22-A8B326B72A4C}.Release|Any CPU.Build.0 = Release|x64
		{48D206F3-05A2-4916-9D22-A8B326B72A4C}.Release|x64.ActiveCfg = Release|x64
		{48D206F3-05A2-4916-9D22-A8B326B72A4C}.Release|x64.Build.0 = Release|x64
		{48D206F3-05A2-4916-9D22-A8B326B72A4C}.Release|x86.ActiveCfg = Release|Win32
		{48D206F3-05A2-4916-9D22-A8B326B72A4C}.Release|x86.Build.0 = Release|Win32
		{48D206F3-05A2-4916-9D22-A8B326B72A4C}.RelWithDebInfo|Any CPU.ActiveCfg = Release|x64
		{48D206F3-05A2-4916-9D22-A8B326B72A4C}.RelWithDebInfo|Any CPU.Build.0 = Release|x64
		{48D206F3-05A2-4916-9D22-A8B326B72A4C}.RelWithDebInfo|x64.ActiveCfg = Release|x64
		{48D206F3-05A2-4916-9D22-A8B326B72A4C}.RelWithDebInfo|x64.Build.0 = Release|x64
		{48D206F3-05A2-4916-9D22-A8B326B72A4C}.RelWithDebInfo|x86.ActiveCfg = Release|Win32
		{48D206F3-05A2-4916-9D22-A8B326B72A4C}.RelWithDebInfo|x86.Build.0 = Release|Win32
		{CA4DEEE8-684D-48C3-8FB9-1A16E4A6CA95}.Debug|Any CPU.ActiveCfg = Debug|Any CPU
		{CA4DEEE8-684D-48C3-8FB9-1A16E4A6CA95}.Debug|Any CPU.Build.0 = Debug|Any CPU
		{CA4DEEE8-684D-48C3-8FB9-1A16E4A6CA95}.Debug|x64.ActiveCfg = Debug|Any CPU
		{CA4DEEE8-684D-48C3-8FB9-1A16E4A6CA95}.Debug|x64.Build.0 = Debug|Any CPU
		{CA4DEEE8-684D-48C3-8FB9-1A16E4A6CA95}.Debug|x86.ActiveCfg = Debug|Any CPU
		{CA4DEEE8-684D-48C3-8FB9-1A16E4A6CA95}.Debug|x86.Build.0 = Debug|Any CPU
		{CA4DEEE8-684D-48C3-8FB9-1A16E4A6CA95}.MinSizeRel|Any CPU.ActiveCfg = Debug|Any CPU
		{CA4DEEE8-684D-48C3-8FB9-1A16E4A6CA95}.MinSizeRel|Any CPU.Build.0 = Debug|Any CPU
		{CA4DEEE8-684D-48C3-8FB9-1A16E4A6CA95}.MinSizeRel|x64.ActiveCfg = Debug|Any CPU
		{CA4DEEE8-684D-48C3-8FB9-1A16E4A6CA95}.MinSizeRel|x64.Build.0 = Debug|Any CPU
		{CA4DEEE8-684D-48C3-8FB9-1A16E4A6CA95}.MinSizeRel|x86.ActiveCfg = Debug|Any CPU
		{CA4DEEE8-684D-48C3-8FB9-1A16E4A6CA95}.MinSizeRel|x86.Build.0 = Debug|Any CPU
		{CA4DEEE8-684D-48C3-8FB9-1A16E4A6CA95}.myrel|Any CPU.ActiveCfg = Debug|Any CPU
		{CA4DEEE8-684D-48C3-8FB9-1A16E4A6CA95}.myrel|Any CPU.Build.0 = Debug|Any CPU
		{CA4DEEE8-684D-48C3-8FB9-1A16E4A6CA95}.myrel|x64.ActiveCfg = Debug|Any CPU
		{CA4DEEE8-684D-48C3-8FB9-1A16E4A6CA95}.myrel|x64.Build.0 = Debug|Any CPU
		{CA4DEEE8-684D-48C3-8FB9-1A16E4A6CA95}.myrel|x86.ActiveCfg = Debug|Any CPU
		{CA4DEEE8-684D-48C3-8FB9-1A16E4A6CA95}.myrel|x86.Build.0 = Debug|Any CPU
		{CA4DEEE8-684D-48C3-8FB9-1A16E4A6CA95}.Release|Any CPU.ActiveCfg = Release|Any CPU
		{CA4DEEE8-684D-48C3-8FB9-1A16E4A6CA95}.Release|Any CPU.Build.0 = Release|Any CPU
		{CA4DEEE8-684D-48C3-8FB9-1A16E4A6CA95}.Release|x64.ActiveCfg = Release|Any CPU
		{CA4DEEE8-684D-48C3-8FB9-1A16E4A6CA95}.Release|x64.Build.0 = Release|Any CPU
		{CA4DEEE8-684D-48C3-8FB9-1A16E4A6CA95}.Release|x86.ActiveCfg = Release|Any CPU
		{CA4DEEE8-684D-48C3-8FB9-1A16E4A6CA95}.Release|x86.Build.0 = Release|Any CPU
		{CA4DEEE8-684D-48C3-8FB9-1A16E4A6CA95}.RelWithDebInfo|Any CPU.ActiveCfg = Release|Any CPU
		{CA4DEEE8-684D-48C3-8FB9-1A16E4A6CA95}.RelWithDebInfo|Any CPU.Build.0 = Release|Any CPU
		{CA4DEEE8-684D-48C3-8FB9-1A16E4A6CA95}.RelWithDebInfo|x64.ActiveCfg = Release|Any CPU
		{CA4DEEE8-684D-48C3-8FB9-1A16E4A6CA95}.RelWithDebInfo|x64.Build.0 = Release|Any CPU
		{CA4DEEE8-684D-48C3-8FB9-1A16E4A6CA95}.RelWithDebInfo|x86.ActiveCfg = Release|Any CPU
		{CA4DEEE8-684D-48C3-8FB9-1A16E4A6CA95}.RelWithDebInfo|x86.Build.0 = Release|Any CPU
	EndGlobalSection
	GlobalSection(SolutionProperties) = preSolution
		HideSolutionNode = FALSE
	EndGlobalSection
	GlobalSection(ExtensibilityGlobals) = postSolution
		SolutionGuid = {A857EA7E-8491-428D-AC81-D3E61D15534B}
	EndGlobalSection
EndGlobal
